{
  "schema_version": 1,
  "composition_schema_version": 1,
  "contract_schema_version": 1,
  "nickel_evaluator": "nickel-lang-2.2.0",
  "contract_sha256": "0fb5435f8a35f711f9813fa304406e38ed5e3c09f09a7cd1e4c5a78b46ddc29c",
  "graph_sha256": "0428bb6bedcd7a4df29aa5bfe1fd6393f6e33b9967481a04b20825aea1e0c96e",
  "root_profile": {
    "id": "latticeaxiom.demo",
    "version": "2026.8"
  },
  "target": "x86_64-pc-windows-msvc",
  "toolchain": "rust-1.97",
  "parameters": {
    "world_seed": "lattice-axiom-demo"
  },
  "packages": [
    {
      "id": "latticeaxiom.official",
      "version": "0.1.0",
      "source": {
        "kind": "path",
        "path": "packages/official"
      },
      "content_sha256": "9059e863a3a9e259fb05d28343539ac87506461ddd7b97c7215916a306ca6559",
      "dependencies": [],
      "capabilities": [
        "content.blocks@1"
      ],
      "blocks": [
        {
          "key": "latticeaxiom.official:air",
          "display_name": "Air",
          "solid": false,
          "is_air": true,
          "color": [
            0,
            0,
            0,
            0
          ]
        },
        {
          "key": "latticeaxiom.official:dirt",
          "display_name": "Dirt",
          "solid": true,
          "is_air": false,
          "color": [
            134,
            96,
            67,
            255
          ]
        },
        {
          "key": "latticeaxiom.official:grass",
          "display_name": "Grass",
          "solid": true,
          "is_air": false,
          "color": [
            83,
            142,
            68,
            255
          ]
        },
        {
          "key": "latticeaxiom.official:stone",
          "display_name": "Stone",
          "solid": true,
          "is_air": false,
          "color": [
            112,
            118,
            126,
            255
          ]
        }
      ],
      "realization": "data"
    }
  ],
  "capability_bindings": [
    {
      "capability": "content.blocks@1",
      "provider": "latticeaxiom.official"
    }
  ]
}
